{"SurveyEntry":{"SurveyID":"SV_8eq8vn05uHAPUA5","SurveyName":"Formal explanations on kind and essentialism","SurveyDescription":null,"SurveyOwnerID":"UR_8cwUbpSZyvvGHWZ","SurveyBrandID":"stanforduniversity","DivisionID":null,"SurveyLanguage":"EN","SurveyActiveResponseSet":"RS_bBq5V8V10rGlyy9","SurveyStatus":"Active","SurveyStartDate":"0000-00-00 00:00:00","SurveyExpirationDate":"0000-00-00 00:00:00","SurveyCreationDate":"2020-02-12 12:41:55","CreatorID":"UR_8cwUbpSZyvvGHWZ","LastModified":"2020-02-18 16:30:56","LastAccessed":"0000-00-00 00:00:00","LastActivated":"2020-02-18 16:29:03","Deleted":null},"SurveyElements":[{"SurveyID":"SV_8eq8vn05uHAPUA5","Element":"BL","PrimaryAttribute":"Survey Blocks","SecondaryAttribute":null,"TertiaryAttribute":null,"Payload":{"0":{"Type":"Default","Description":"Formal explanations","ID":"BL_6Rm8uUYJpezFClv","BlockElements":[{"Type":"Question","QuestionID":"QID3"},{"Type":"Page Break"},{"Type":"Question","QuestionID":"QID4"},{"Type":"Page Break"},{"Type":"Question","QuestionID":"QID5"},{"Type":"Page Break"},{"Type":"Question","QuestionID":"QID6"},{"Type":"Page Break"},{"Type":"Question","QuestionID":"QID7"},{"Type":"Page Break"},{"Type":"Question","QuestionID":"QID8"},{"Type":"Page Break"},{"Type":"Question","QuestionID":"QID9"},{"Type":"Page Break"},{"Type":"Question","QuestionID":"QID10"}],"Options":{"BlockLocking":"false","RandomizeQuestions":"false","BlockVisibility":"Expanded"}},"1":{"Type":"Trash","Description":"Trash \/ Unused Questions","ID":"BL_3geXyGe2Y1THI8t","BlockElements":[]},"5":{"Type":"Standard","SubType":"","Description":"Essentialism","ID":"BL_2gdlhMKhDswO4eh","BlockElements":[{"Type":"Question","QuestionID":"QID39"},{"Type":"Question","QuestionID":"QID40"},{"Type":"Question","QuestionID":"QID41"},{"Type":"Question","QuestionID":"QID42"}],"Options":{"BlockLocking":"false","RandomizeQuestions":"Advanced","BlockVisibility":"Expanded","Randomization":{"Advanced":{"FixedOrder":["{~Randomized~}","{~Randomized~}","{~Randomized~}","{~Randomized~}"],"RandomizeAll":["QID39","QID40","QID41","QID42"],"RandomSubSet":[],"Undisplayed":[],"TotalRandSubset":0,"QuestionsPerPage":0},"EvenPresentation":false}}},"6":{"Type":"Standard","SubType":"","Description":"Kind","ID":"BL_3W6jawLo0CNQTxH","BlockElements":[{"Type":"Question","QuestionID":"QID43"},{"Type":"Question","QuestionID":"QID44"},{"Type":"Question","QuestionID":"QID45"}],"Options":{"BlockLocking":"false","RandomizeQuestions":"Advanced","BlockVisibility":"Expanded","Randomization":{"Advanced":{"FixedOrder":{"1":"{~Randomized~}","2":"{~Randomized~}","3":"{~Randomized~}"},"RandomizeAll":["QID43","QID44","QID45"],"RandomSubSet":[],"Undisplayed":[],"TotalRandSubset":0,"QuestionsPerPage":0},"EvenPresentation":false}}},"7":{"Type":"Standard","Description":"Control (specific)","ID":"BL_0SNr7Gm9uzYs4FT","BlockElements":[{"Type":"Question","QuestionID":"QID48"},{"Type":"Page Break"},{"Type":"Question","QuestionID":"QID49"},{"Type":"Page Break"},{"Type":"Question","QuestionID":"QID50"},{"Type":"Page Break"},{"Type":"Question","QuestionID":"QID51"},{"Type":"Page Break"},{"Type":"Question","QuestionID":"QID52"},{"Type":"Page Break"},{"Type":"Question","QuestionID":"QID53"},{"Type":"Page Break"},{"Type":"Question","QuestionID":"QID54"},{"Type":"Page Break"},{"Type":"Question","QuestionID":"QID55"}],"Options":{"BlockLocking":false,"RandomizeQuestions":"false","BlockVisibility":"Expanded"}},"8":{"Type":"Standard","SubType":"","Description":"Zarpies intro","ID":"BL_3lpkwIeOTlJczQN","BlockElements":[{"Type":"Question","QuestionID":"QID2"}]},"9":{"Type":"Standard","SubType":"","Description":"Generics","ID":"BL_035SHRKeibUHiKN","BlockElements":[{"Type":"Question","QuestionID":"QID56"},{"Type":"Page Break"},{"Type":"Question","QuestionID":"QID57"},{"Type":"Page Break"},{"Type":"Question","QuestionID":"QID58"},{"Type":"Page Break"},{"Type":"Question","QuestionID":"QID59"},{"Type":"Page Break"},{"Type":"Question","QuestionID":"QID60"},{"Type":"Page Break"},{"Type":"Question","QuestionID":"QID61"},{"Type":"Page Break"},{"Type":"Question","QuestionID":"QID62"},{"Type":"Page Break"},{"Type":"Question","QuestionID":"QID63"}]},"10":{"Type":"Standard","SubType":"","Description":"Consent","ID":"BL_eLNnHJd0cSLUhBX","BlockElements":[{"Type":"Question","QuestionID":"QID64"}]},"11":{"Type":"Standard","SubType":"","Description":"Attention check","ID":"BL_4NhuTwm12k12kJL","BlockElements":[{"Type":"Question","QuestionID":"QID67"}]},"12":{"Type":"Standard","SubType":"","Description":"Demographics","ID":"BL_9pLwSxmodg6W4Jv","BlockElements":[{"Type":"Question","QuestionID":"QID68"},{"Type":"Question","QuestionID":"QID69"},{"Type":"Question","QuestionID":"QID70"},{"Type":"Question","QuestionID":"QID71"},{"Type":"Question","QuestionID":"QID72"}]}}},{"SurveyID":"SV_8eq8vn05uHAPUA5","Element":"FL","PrimaryAttribute":"Survey Flow","SecondaryAttribute":null,"TertiaryAttribute":null,"Payload":{"Type":"Root","FlowID":"FL_1","Flow":[{"Type":"Standard","ID":"BL_eLNnHJd0cSLUhBX","FlowID":"FL_31"},{"Type":"Standard","ID":"BL_3lpkwIeOTlJczQN","FlowID":"FL_11"},{"Type":"BlockRandomizer","FlowID":"FL_14","SubSet":1,"EvenPresentation":true,"Flow":[{"Type":"EmbeddedData","FlowID":"FL_13","EmbeddedData":[{"Description":"condition","Type":"Custom","Field":"condition","VariableType":"String","DataVisibility":[],"AnalyzeText":false,"Value":"formal"},{"Description":"Create New Field or Choose From Dropdown...","Type":"Recipient","Field":"Create New Field or Choose From Dropdown...","VariableType":"String","DataVisibility":[],"AnalyzeText":false},{"Description":"Create New Field or Choose From Dropdown...","Type":"Recipient","Field":"Create New Field or Choose From Dropdown...","VariableType":"String","DataVisibility":[],"AnalyzeText":false},{"Description":"Create New Field or Choose From Dropdown...","Type":"Recipient","Field":"Create New Field or Choose From Dropdown...","VariableType":"String","DataVisibility":[],"AnalyzeText":false}]},{"Type":"EmbeddedData","FlowID":"FL_24","EmbeddedData":[{"Description":"condition","Type":"Custom","Field":"condition","VariableType":"String","DataVisibility":[],"AnalyzeText":false,"Value":"generic"}]},{"Type":"EmbeddedData","FlowID":"FL_15","EmbeddedData":[{"Description":"condition","Type":"Custom","Field":"condition","VariableType":"String","DataVisibility":[],"AnalyzeText":false,"Value":"control"}]}]},{"Type":"BlockRandomizer","FlowID":"FL_16","SubSet":1,"EvenPresentation":true,"Flow":[{"Type":"EmbeddedData","FlowID":"FL_17","EmbeddedData":[{"Description":"cb","Type":"Custom","Field":"cb","VariableType":"String","DataVisibility":[],"AnalyzeText":false,"Value":"kindEssentialism"},{"Description":"Create New Field or Choose From Dropdown...","Type":"Recipient","Field":"Create New Field or Choose From Dropdown...","VariableType":"String","DataVisibility":[],"AnalyzeText":false},{"Description":"Create New Field or Choose From Dropdown...","Type":"Recipient","Field":"Create New Field or Choose From Dropdown...","VariableType":"String","DataVisibility":[],"AnalyzeText":false},{"Description":"Create New Field or Choose From Dropdown...","Type":"Recipient","Field":"Create New Field or Choose From Dropdown...","VariableType":"String","DataVisibility":[],"AnalyzeText":false},{"Description":"Create New Field or Choose From Dropdown...","Type":"Recipient","Field":"Create New Field or Choose From Dropdown...","VariableType":"String","DataVisibility":[],"AnalyzeText":false}]},{"Type":"EmbeddedData","FlowID":"FL_18","EmbeddedData":[{"Description":"cb","Type":"Custom","Field":"cb","VariableType":"String","DataVisibility":[],"AnalyzeText":false,"Value":"essentialismKind"}]}]},{"Type":"Branch","FlowID":"FL_25","Description":"New Branch","BranchLogic":{"0":{"0":{"LogicType":"EmbeddedField","LeftOperand":"condition","Operator":"EqualTo","RightOperand":"formal","_HiddenExpression":false,"Type":"Expression","Description":"<span class=\"ConjDesc\">If<\/span>  <span class=\"LeftOpDesc\">condition<\/span> <span class=\"OpDesc\">Is Equal to<\/span> <span class=\"RightOpDesc\"> formal <\/span>"},"Type":"If"},"Type":"BooleanExpression"},"Flow":[{"Type":"Block","ID":"BL_6Rm8uUYJpezFClv","FlowID":"FL_2"}]},{"Type":"Branch","FlowID":"FL_26","Description":"New Branch","BranchLogic":{"0":{"0":{"LogicType":"EmbeddedField","LeftOperand":"condition","Operator":"EqualTo","RightOperand":"generic","_HiddenExpression":false,"Type":"Expression","Description":"<span class=\"ConjDesc\">If<\/span>  <span class=\"LeftOpDesc\">condition<\/span> <span class=\"OpDesc\">Is Equal to<\/span> <span class=\"RightOpDesc\"> generic <\/span>"},"Type":"If"},"Type":"BooleanExpression"},"Flow":[{"Type":"Standard","ID":"BL_035SHRKeibUHiKN","FlowID":"FL_12"}]},{"Type":"Branch","FlowID":"FL_28","Description":"New Branch","BranchLogic":{"0":{"0":{"LogicType":"EmbeddedField","LeftOperand":"condition","Operator":"EqualTo","RightOperand":"control","_HiddenExpression":false,"Type":"Expression","Description":"<span class=\"ConjDesc\">If<\/span>  <span class=\"LeftOpDesc\">condition<\/span> <span class=\"OpDesc\">Is Equal to<\/span> <span class=\"RightOpDesc\"> control <\/span>"},"Type":"If"},"Type":"BooleanExpression"},"Flow":[{"Type":"Standard","ID":"BL_0SNr7Gm9uzYs4FT","FlowID":"FL_10"}]},{"Type":"Branch","FlowID":"FL_20","Description":"New Branch","BranchLogic":{"0":{"0":{"LogicType":"EmbeddedField","LeftOperand":"cb","Operator":"EqualTo","RightOperand":"kindEssentialism","_HiddenExpression":false,"Type":"Expression","Description":"<span class=\"ConjDesc\">If<\/span>  <span class=\"LeftOpDesc\">cb<\/span> <span class=\"OpDesc\">Is Equal to<\/span> <span class=\"RightOpDesc\"> kindEssentialism <\/span>"},"Type":"If"},"Type":"BooleanExpression"},"Flow":[{"Type":"Standard","ID":"BL_3W6jawLo0CNQTxH","FlowID":"FL_7"},{"Type":"Standard","ID":"BL_2gdlhMKhDswO4eh","FlowID":"FL_6"}]},{"Type":"Branch","FlowID":"FL_21","Description":"New Branch","BranchLogic":{"0":{"0":{"LogicType":"EmbeddedField","LeftOperand":"cb","Operator":"EqualTo","RightOperand":"essentialismKind","_HiddenExpression":false,"Type":"Expression","Description":"<span class=\"ConjDesc\">If<\/span>  <span class=\"LeftOpDesc\">cb<\/span> <span class=\"OpDesc\">Is Equal to<\/span> <span class=\"RightOpDesc\"> essentialismKind <\/span>"},"Type":"If"},"Type":"BooleanExpression"},"Flow":[{"Type":"Standard","ID":"BL_2gdlhMKhDswO4eh","FlowID":"FL_23"},{"Type":"Standard","ID":"BL_3W6jawLo0CNQTxH","FlowID":"FL_22"}]},{"Type":"Standard","ID":"BL_4NhuTwm12k12kJL","FlowID":"FL_32"},{"Type":"Standard","ID":"BL_9pLwSxmodg6W4Jv","FlowID":"FL_33"},{"Type":"EndSurvey","FlowID":"FL_30"}],"Properties":{"Count":33,"RemovedFieldsets":[]}}},{"SurveyID":"SV_8eq8vn05uHAPUA5","Element":"SO","PrimaryAttribute":"Survey Options","SecondaryAttribute":null,"TertiaryAttribute":null,"Payload":{"BackButton":"false","SaveAndContinue":"true","SurveyProtection":"PublicSurvey","BallotBoxStuffingPrevention":"true","NoIndex":"Yes","SecureResponseFiles":"true","SurveyExpiration":null,"SurveyTermination":"DisplayMessage","Header":"","Footer":"","ProgressBarDisplay":"None","PartialData":"+1 week","ValidationMessage":null,"PreviousButton":" \u2190 ","NextButton":" \u2192 ","SkinLibrary":"stanforduniversity","SkinType":"MQ","Skin":"stanforduniversity3_new_update","NewScoring":1,"ProtectSelectionIds":true,"SurveyTitle":"Online Survey Software | Qualtrics Survey Solutions","SurveyName":"Formal explanations on kind and essentialism","EOSMessage":"MS_bx9bTsIxlZPAqC9","ShowExportTags":"false","CollectGeoLocation":"false","SurveyMetaDescription":"Qualtrics sophisticated online survey software solutions make creating online surveys easy. Learn more about Research Suite and get a free account today.","PasswordProtection":"No","AnonymizeResponse":"No","Password":"","RefererCheck":"No","RefererURL":"http:\/\/","UseCustomSurveyLinkCompletedMessage":null,"SurveyLinkCompletedMessage":"","SurveyLinkCompletedMessageLibrary":"","ResponseSummary":"No","EOSMessageLibrary":"UR_8cwUbpSZyvvGHWZ","EOSRedirectURL":"https:\/\/","EmailThankYou":"false","ThankYouEmailMessageLibrary":null,"ThankYouEmailMessage":null,"ValidateMessage":"false","ValidationMessageLibrary":null,"InactiveSurvey":"DefaultMessage","PartialDataCloseAfter":"LastActivity","ActiveResponseSet":null,"InactiveMessageLibrary":"","InactiveMessage":"","AvailableLanguages":{"EN":[]}}},{"SurveyID":"SV_8eq8vn05uHAPUA5","Element":"SCO","PrimaryAttribute":"Scoring","SecondaryAttribute":null,"TertiaryAttribute":null,"Payload":{"ScoringCategories":[],"ScoringCategoryGroups":[],"ScoringSummaryCategory":null,"ScoringSummaryAfterQuestions":0,"ScoringSummaryAfterSurvey":0,"DefaultScoringCategory":null,"AutoScoringCategory":null}},{"SurveyID":"SV_8eq8vn05uHAPUA5","Element":"PROJ","PrimaryAttribute":"CORE","SecondaryAttribute":null,"TertiaryAttribute":"1.1.0","Payload":{"ProjectCategory":"CORE","SchemaVersion":"1.1.0"}},{"SurveyID":"SV_8eq8vn05uHAPUA5","Element":"STAT","PrimaryAttribute":"Survey Statistics","SecondaryAttribute":null,"TertiaryAttribute":null,"Payload":{"MobileCompatible":false,"ID":"Survey Statistics"}},{"SurveyID":"SV_8eq8vn05uHAPUA5","Element":"SQ","PrimaryAttribute":"QID8","SecondaryAttribute":" She can flip in the air because she's a Zarpie. He's scared of ladybugs because he's a Zarpie.","TertiaryAttribute":null,"Payload":{"QuestionText":"&nbsp;She can flip in the air because she's a Zarpie. He's scared of ladybugs because he's a Zarpie.","DefaultChoices":false,"DataExportTag":"p6","QuestionType":"DB","Selector":"GRB","SubSelector":"WTXB","DataVisibility":{"Private":false,"Hidden":false},"Configuration":{"QuestionDescriptionOption":"UseText"},"QuestionDescription":" She can flip in the air because she's a Zarpie. He's scared of ladybugs because he's a Zarpie.","ChoiceOrder":[],"Validation":{"Settings":{"Type":"None"}},"GradingData":[],"Language":[],"NextChoiceId":4,"NextAnswerId":1,"Graphics":"IM_8uCg3A2vqJD5Ii1","GraphicsDescription":"Slide7","QuestionID":"QID8"}},{"SurveyID":"SV_8eq8vn05uHAPUA5","Element":"SQ","PrimaryAttribute":"QID53","SecondaryAttribute":" This Zarpie can flip in the air. This Zarpie is scared of ladybugs.","TertiaryAttribute":null,"Payload":{"QuestionText":"&nbsp;This Zarpie can flip in the air. This Zarpie is scared of ladybugs.","DefaultChoices":false,"QuestionType":"DB","Selector":"GRB","SubSelector":"WTXB","DataVisibility":{"Private":false,"Hidden":false},"Configuration":{"QuestionDescriptionOption":"UseText"},"QuestionDescription":" This Zarpie can flip in the air. This Zarpie is scared of ladybugs.","ChoiceOrder":[],"Validation":{"Settings":{"Type":"None"}},"GradingData":[],"Language":[],"NextChoiceId":4,"NextAnswerId":1,"Graphics":"IM_8uCg3A2vqJD5Ii1","GraphicsDescription":"Slide7","QuestionText_Unsafe":"&nbsp;Zarpies can flip in the air.&nbsp;Zarpies are scared of ladybugs.","DataExportTag":"p6","QuestionID":"QID53"}},{"SurveyID":"SV_8eq8vn05uHAPUA5","Element":"SQ","PrimaryAttribute":"QID50","SecondaryAttribute":" This Zarpie climbs tall fences. This Zarpie flaps his arms when he is happy.","TertiaryAttribute":null,"Payload":{"QuestionText":"&nbsp;This Zarpie climbs tall fences. This Zarpie flaps his arms when he is happy.","DefaultChoices":false,"QuestionType":"DB","Selector":"GRB","SubSelector":"WTXB","DataVisibility":{"Private":false,"Hidden":false},"Configuration":{"QuestionDescriptionOption":"UseText"},"QuestionDescription":" This Zarpie climbs tall fences. This Zarpie flaps his arms when he is happy.","ChoiceOrder":[],"Validation":{"Settings":{"Type":"None"}},"GradingData":[],"Language":[],"NextChoiceId":4,"NextAnswerId":1,"Graphics":"IM_0wyKFU7LbQQ0E8B","GraphicsDescription":"Slide4","QuestionText_Unsafe":"&nbsp;Zarpies climb\ntall fences.&nbsp;Zarpies flap\ntheir arms when they are happy","DataExportTag":"p3","QuestionID":"QID50"}},{"SurveyID":"SV_8eq8vn05uHAPUA5","Element":"SQ","PrimaryAttribute":"QID55","SecondaryAttribute":" This Zarpie wraps her baby orange blankets. This Zarpie sleeps in tall trees.","TertiaryAttribute":null,"Payload":{"QuestionText":"&nbsp;This Zarpie wraps her baby orange blankets.&nbsp; This Zarpie sleeps in tall trees.","DefaultChoices":false,"QuestionType":"DB","Selector":"GRB","SubSelector":"WTXB","DataVisibility":{"Private":false,"Hidden":false},"Configuration":{"QuestionDescriptionOption":"UseText"},"QuestionDescription":" This Zarpie wraps her baby orange blankets. This Zarpie sleeps in tall trees.","ChoiceOrder":[],"Validation":{"Settings":{"Type":"None"}},"GradingData":[],"Language":[],"NextChoiceId":4,"NextAnswerId":1,"Graphics":"IM_0PbsLPk1m8cw9Ap","GraphicsDescription":"Slide9","QuestionText_Unsafe":"&nbsp;Zarpie babies\nare wrapped in orange blankets.&nbsp; Zarpies sleep\nin tall trees.","DataExportTag":"p8","QuestionID":"QID55"}},{"SurveyID":"SV_8eq8vn05uHAPUA5","Element":"SQ","PrimaryAttribute":"QID61","SecondaryAttribute":" Zarpies can flip in the air. Zarpies are scared of ladybugs.","TertiaryAttribute":null,"Payload":{"QuestionText":"&nbsp;Zarpies can flip in the air.&nbsp;Zarpies are scared of ladybugs.","DefaultChoices":false,"DataExportTag":"p6","QuestionType":"DB","Selector":"GRB","SubSelector":"WTXB","DataVisibility":{"Private":false,"Hidden":false},"Configuration":{"QuestionDescriptionOption":"UseText"},"QuestionDescription":" Zarpies can flip in the air. Zarpies are scared of ladybugs.","ChoiceOrder":[],"Validation":{"Settings":{"Type":"None"}},"GradingData":[],"Language":[],"NextChoiceId":4,"NextAnswerId":1,"Graphics":"IM_8uCg3A2vqJD5Ii1","GraphicsDescription":"Slide7","QuestionID":"QID61"}},{"SurveyID":"SV_8eq8vn05uHAPUA5","Element":"SQ","PrimaryAttribute":"QID58","SecondaryAttribute":" Zarpies climb tall fences. Zarpies flap their arms when they are happy","TertiaryAttribute":null,"Payload":{"QuestionText":"&nbsp;Zarpies climb\ntall fences.&nbsp;Zarpies flap\ntheir arms when they are happy","DefaultChoices":false,"DataExportTag":"p3","QuestionType":"DB","Selector":"GRB","SubSelector":"WTXB","DataVisibility":{"Private":false,"Hidden":false},"Configuration":{"QuestionDescriptionOption":"UseText"},"QuestionDescription":" Zarpies climb tall fences. Zarpies flap their arms when they are happy","ChoiceOrder":[],"Validation":{"Settings":{"Type":"None"}},"GradingData":[],"Language":[],"NextChoiceId":4,"NextAnswerId":1,"Graphics":"IM_0wyKFU7LbQQ0E8B","GraphicsDescription":"Slide4","QuestionID":"QID58"}},{"SurveyID":"SV_8eq8vn05uHAPUA5","Element":"QC","PrimaryAttribute":"Survey Question Count","SecondaryAttribute":"73","TertiaryAttribute":null,"Payload":null},{"SurveyID":"SV_8eq8vn05uHAPUA5","Element":"SQ","PrimaryAttribute":"QID42","SecondaryAttribute":"A Zarpie can never change into a non-Zarpie.\u00a0","TertiaryAttribute":null,"Payload":{"QuestionText":"<span style=\"color: rgb(34, 34, 34); font-family: Arial, Helvetica, sans-serif; font-size: small;\">A Zarpie can never change into a non-Zarpie.&nbsp;<\/span>","DefaultChoices":false,"DataExportTag":"immutability","QuestionType":"MC","Selector":"SAHR","SubSelector":"TX","DataVisibility":{"Private":false,"Hidden":false},"Configuration":{"QuestionDescriptionOption":"UseText","LabelPosition":"BELOW"},"QuestionDescription":"A Zarpie can never change into a non-Zarpie.\u00a0","Choices":{"1":{"Display":"Totally Disagree"},"2":{"Display":"Mostly Disagree"},"3":{"Display":"Slightly Disagree"},"4":{"Display":"Slightly Agree"},"5":{"Display":"Mostly Agree"},"6":{"Display":"Totally Agree"}},"ChoiceOrder":[1,2,3,4,5,6],"Validation":{"Settings":{"ForceResponse":"ON","ForceResponseType":"ON","Type":"None"}},"GradingData":[],"Language":[],"NextChoiceId":7,"NextAnswerId":1,"QuestionID":"QID42"}},{"SurveyID":"SV_8eq8vn05uHAPUA5","Element":"RS","PrimaryAttribute":"RS_bBq5V8V10rGlyy9","SecondaryAttribute":"Default Response Set","TertiaryAttribute":null,"Payload":null},{"SurveyID":"SV_8eq8vn05uHAPUA5","Element":"SQ","PrimaryAttribute":"QID6","SecondaryAttribute":"He has freckles on his feet because he's a Zarpie. He hops over puddles because he's a Zarpie.","TertiaryAttribute":null,"Payload":{"QuestionText":"He has freckles on his feet because he's a Zarpie. He hops over puddles because he's a Zarpie.","DefaultChoices":false,"DataExportTag":"p4","QuestionType":"DB","Selector":"GRB","SubSelector":"WTXB","DataVisibility":{"Private":false,"Hidden":false},"Configuration":{"QuestionDescriptionOption":"UseText"},"QuestionDescription":"He has freckles on his feet because he's a Zarpie. He hops over puddles because he's a Zarpie.","ChoiceOrder":[],"Validation":{"Settings":{"Type":"None"}},"GradingData":[],"Language":[],"NextChoiceId":4,"NextAnswerId":1,"Graphics":"IM_eksoK9N5OFu4VxP","GraphicsDescription":"Slide5","QuestionID":"QID6"}},{"SurveyID":"SV_8eq8vn05uHAPUA5","Element":"SQ","PrimaryAttribute":"QID9","SecondaryAttribute":"He hates ice cream because he's a Zarpie. She chases shadows because she's a Zarpie.","TertiaryAttribute":null,"Payload":{"QuestionText":"He hates ice cream because he's a Zarpie. She chases shadows because she's a Zarpie.","DefaultChoices":false,"DataExportTag":"p7","QuestionType":"DB","Selector":"GRB","SubSelector":"WTXB","DataVisibility":{"Private":false,"Hidden":false},"Configuration":{"QuestionDescriptionOption":"UseText"},"QuestionDescription":"He hates ice cream because he's a Zarpie. She chases shadows because she's a Zarpie.","ChoiceOrder":[],"Validation":{"Settings":{"Type":"None"}},"GradingData":[],"Language":[],"NextChoiceId":4,"NextAnswerId":1,"Graphics":"IM_4HLdGzWzl4ZcKhL","GraphicsDescription":"Slide8","QuestionID":"QID9"}},{"SurveyID":"SV_8eq8vn05uHAPUA5","Element":"SQ","PrimaryAttribute":"QID7","SecondaryAttribute":"He hates walking in the mud because he's a Zarpie. She draws stars on her knees because she's a Z...","TertiaryAttribute":null,"Payload":{"QuestionText":"He hates walking in the mud because he's a Zarpie. She draws stars on her knees because she's a Zarpie.","DefaultChoices":false,"DataExportTag":"p5","QuestionType":"DB","Selector":"GRB","SubSelector":"WTXB","DataVisibility":{"Private":false,"Hidden":false},"Configuration":{"QuestionDescriptionOption":"UseText"},"QuestionDescription":"He hates walking in the mud because he's a Zarpie. She draws stars on her knees because she's a Z...","ChoiceOrder":[],"Validation":{"Settings":{"Type":"None"}},"GradingData":[],"Language":[],"NextChoiceId":4,"NextAnswerId":1,"Graphics":"IM_cvZbexE4ErnHrzn","GraphicsDescription":"Slide6","QuestionID":"QID7"}},{"SurveyID":"SV_8eq8vn05uHAPUA5","Element":"SQ","PrimaryAttribute":"QID3","SecondaryAttribute":"He loves to eat flowers because he's a Zarpie. She has striped hair on the back of her head becau...","TertiaryAttribute":null,"Payload":{"QuestionText":"He loves to eat flowers because he&#39;s a Zarpie. She has striped hair on the back of her head because she&#39;s a Zarpie.&nbsp;","DefaultChoices":false,"DataExportTag":"p1","QuestionType":"DB","Selector":"GRB","SubSelector":"WTXB","DataVisibility":{"Private":false,"Hidden":false},"Configuration":{"QuestionDescriptionOption":"UseText"},"QuestionDescription":"He loves to eat flowers because he's a Zarpie. She has striped hair on the back of her head becau...","ChoiceOrder":[],"Validation":{"Settings":{"Type":"None"}},"GradingData":[],"Language":[],"NextChoiceId":4,"NextAnswerId":1,"Graphics":"IM_b2A0KpvVJPplgOh","GraphicsDescription":"Slide2","QuestionID":"QID3"}},{"SurveyID":"SV_8eq8vn05uHAPUA5","Element":"SQ","PrimaryAttribute":"QID2","SecondaryAttribute":"I am going to tell you about an island far away. On this island, there live lots of different peo...","TertiaryAttribute":null,"Payload":{"QuestionText":"I am going to tell you about an island far away. On this island, there live lots of different people. I am going to tell you about one group of people on the island: Zarpies! Let's meet some Zarpies.","DefaultChoices":false,"DataExportTag":"intro","QuestionType":"DB","Selector":"GRB","SubSelector":"WTXB","Configuration":{"QuestionDescriptionOption":"UseText"},"QuestionDescription":"I am going to tell you about an island far away. On this island, there live lots of different peo...","ChoiceOrder":[],"Validation":{"Settings":{"Type":"None"}},"GradingData":[],"Language":[],"NextChoiceId":4,"NextAnswerId":1,"Graphics":"IM_0MSFFyLsWM32Bal","GraphicsDescription":"Slide1","QuestionID":"QID2","DataVisibility":{"Private":false,"Hidden":false}}},{"SurveyID":"SV_8eq8vn05uHAPUA5","Element":"SQ","PrimaryAttribute":"QID45","SecondaryAttribute":"If someone tells you a fact about an individual Zarpie, that fact is very likely true of other Za...","TertiaryAttribute":null,"Payload":{"QuestionText":"<span style=\"color: rgb(34, 34, 34); font-family: Arial, Helvetica, sans-serif; font-size: small;\">If someone tells you a fact about an individual Zarpie, that fact is very likely true of other Zarpies as well.&nbsp;&nbsp;<\/span>","DefaultChoices":false,"QuestionType":"MC","Selector":"SAHR","SubSelector":"TX","DataVisibility":{"Private":false,"Hidden":false},"Configuration":{"QuestionDescriptionOption":"UseText","LabelPosition":"BELOW"},"QuestionDescription":"If someone tells you a fact about an individual Zarpie, that fact is very likely true of other Za...","Choices":{"1":{"Display":"Totally Disagree"},"2":{"Display":"Mostly Disagree"},"3":{"Display":"Slightly Disagree"},"4":{"Display":"Slightly Agree"},"5":{"Display":"Mostly Agree"},"6":{"Display":"Totally Agree"}},"ChoiceOrder":[1,2,3,4,5,6],"Validation":{"Settings":{"ForceResponse":"ON","ForceResponseType":"ON","Type":"None"}},"GradingData":[],"Language":[],"NextChoiceId":7,"NextAnswerId":1,"QuestionText_Unsafe":"<span style=\"color: rgb(34, 34, 34); font-family: Arial, Helvetica, sans-serif; font-size: small;\">If someone tells you a fact about an individual Vawn, that fact is very likely true of other Vawns as well.&nbsp;&nbsp;<\/span>","DataExportTag":"inductivePotential","QuestionID":"QID45"}},{"SurveyID":"SV_8eq8vn05uHAPUA5","Element":"SQ","PrimaryAttribute":"QID44","SecondaryAttribute":"Individual Zarpies have very little in common.","TertiaryAttribute":null,"Payload":{"QuestionText":"<span style=\"color: rgb(34, 34, 34); font-family: Arial, Helvetica, sans-serif; font-size: small;\">Individual Zarpies have very little in common.<\/span>","DefaultChoices":false,"QuestionType":"MC","Selector":"SAHR","SubSelector":"TX","DataVisibility":{"Private":false,"Hidden":false},"Configuration":{"QuestionDescriptionOption":"UseText","LabelPosition":"BELOW"},"QuestionDescription":"Individual Zarpies have very little in common.","Choices":{"1":{"Display":"Totally Disagree"},"2":{"Display":"Mostly Disagree"},"3":{"Display":"Slightly Disagree"},"4":{"Display":"Slightly Agree"},"5":{"Display":"Mostly Agree"},"6":{"Display":"Totally Agree"}},"ChoiceOrder":[1,2,3,4,5,6],"Validation":{"Settings":{"ForceResponse":"ON","ForceResponseType":"ON","Type":"None"}},"GradingData":[],"Language":[],"NextChoiceId":7,"NextAnswerId":1,"QuestionText_Unsafe":"<span style=\"color: rgb(34, 34, 34); font-family: Arial, Helvetica, sans-serif; font-size: small;\">Individual Vawns have very little in common.<\/span>","DataExportTag":"hetereogenous","QuestionID":"QID44"}},{"SurveyID":"SV_8eq8vn05uHAPUA5","Element":"SQ","PrimaryAttribute":"QID68","SecondaryAttribute":"Please enter your age in years:","TertiaryAttribute":null,"Payload":{"QuestionText":"<span style=\"font-size:16px;\"><span style=\"font-family: arial,helvetica,sans-serif;\">Please enter your age in years:<\/span><\/span>","DataExportTag":"age","QuestionType":"TE","Selector":"SL","DataVisibility":{"Private":false,"Hidden":false},"Configuration":{"QuestionDescriptionOption":"UseText","InputWidth":85,"InputHeight":29},"QuestionDescription":"Please enter your age in years:","Validation":{"Settings":{"ForceResponse":"RequestResponse","ForceResponseType":"RequestResponse","Type":"ContentType","ContentType":"ValidNumber","ValidDateType":"DateWithFormat","ValidPhoneType":"ValidUSPhone","ValidZipType":"ValidUSZip","ValidNumber":{"Min":"18","Max":"120"},"CustomValidation":{"Logic":{"0":{"0":{"QuestionID":"QID68","QuestionIsInLoop":"no","ChoiceLocator":"q:\/\/QID68\/ChoiceTextEntryValue","Operator":"GreaterThanOrEqual","QuestionIDFromLocator":"QID68","LeftOperand":"q:\/\/QID68\/ChoiceTextEntryValue","RightOperand":"18","Type":"Expression","LogicType":"Question","Description":"<span class=\"ConjDesc\">If<\/span> <span class=\"QuestionDesc\">Please enter your age in years:<\/span> <span class=\"LeftOpDesc\">Text Response<\/span> <span class=\"OpDesc\">Is Greater Than or Equal to<\/span> <span class=\"RightOpDesc\"> 18 <\/span>"},"1":{"QuestionID":"QID68","QuestionIsInLoop":"no","ChoiceLocator":"q:\/\/QID68\/ChoiceTextEntryValue","Operator":"LessThanOrEqual","QuestionIDFromLocator":"QID68","LeftOperand":"q:\/\/QID68\/ChoiceTextEntryValue","RightOperand":"120","Type":"Expression","LogicType":"Question","Description":"<span class=\"ConjDesc\">And<\/span> <span class=\"QuestionDesc\">Please enter your age in years:<\/span> <span class=\"LeftOpDesc\">Text Response<\/span> <span class=\"OpDesc\">Is Less Than or Equal to<\/span> <span class=\"RightOpDesc\"> 120 <\/span>","Conjuction":"And"},"Type":"If"},"Type":"BooleanExpression"},"Message":{"messageID":null,"subMessageID":"VE_VALIDNUMBER","libraryID":null,"description":"Require valid number"}}}},"GradingData":[],"Language":[],"NextChoiceId":1,"NextAnswerId":1,"SearchSource":{"AllowFreeResponse":"false"},"QuestionID":"QID68"}},{"SurveyID":"SV_8eq8vn05uHAPUA5","Element":"SQ","PrimaryAttribute":"QID69","SecondaryAttribute":"Please indicate what gender you identify with:","TertiaryAttribute":null,"Payload":{"QuestionText":"<span style=\"font-size:16px;\">Please indicate what gender you identify with:<br><\/span>","DataExportTag":"gender","QuestionType":"MC","Selector":"SAVR","SubSelector":"TX","DataVisibility":{"Private":false,"Hidden":false},"Configuration":{"QuestionDescriptionOption":"UseText"},"QuestionDescription":"Please indicate what gender you identify with:","Choices":{"1":{"Display":"<span style=\"font-size:16px;\"><span style=\"font-family: arial,helvetica,sans-serif;\">Male<\/span><\/span>"},"2":{"Display":"<span style=\"font-size:16px;\"><span style=\"font-family: arial,helvetica,sans-serif;\">Female<\/span><\/span>"},"3":{"Display":"<span style=\"font-size:16px;\"><span style=\"font-family: arial,helvetica,sans-serif;\">Prefer not to specify<\/span><\/span>"},"4":{"Display":"<span style=\"font-size:16px;\">Enter your own gender identification label (if any)<\/span>","TextEntry":"true","InputWidth":190}},"ChoiceOrder":[1,2,3,4],"Validation":{"Settings":{"ForceResponse":"RequestResponse","ForceResponseType":"RequestResponse","Type":"None"}},"RecodeValues":{"1":"1","2":"2","3":"3","4":"4"},"Language":[],"NextChoiceId":5,"NextAnswerId":1,"QuestionID":"QID69"}},{"SurveyID":"SV_8eq8vn05uHAPUA5","Element":"SQ","PrimaryAttribute":"QID4","SecondaryAttribute":"She can bounce a ball on her head because she's a Zarpie. She likes to sing because she's a Zarpie.","TertiaryAttribute":null,"Payload":{"QuestionText":"She can bounce a ball on her head because she's a Zarpie. She likes to sing because she's a Zarpie.","DefaultChoices":false,"DataExportTag":"p2","QuestionType":"DB","Selector":"GRB","SubSelector":"WTXB","DataVisibility":{"Private":false,"Hidden":false},"Configuration":{"QuestionDescriptionOption":"UseText"},"QuestionDescription":"She can bounce a ball on her head because she's a Zarpie. She likes to sing because she's a Zarpie.","ChoiceOrder":[],"Validation":{"Settings":{"Type":"None"}},"GradingData":[],"Language":[],"NextChoiceId":4,"NextAnswerId":1,"Graphics":"IM_1HQnrypnBqmj6Xb","GraphicsDescription":"Slide3","QuestionID":"QID4"}},{"SurveyID":"SV_8eq8vn05uHAPUA5","Element":"SQ","PrimaryAttribute":"QID5","SecondaryAttribute":"She climbs tall fences because she's a Zarpie. He flaps his arms when he is happy because he's a...","TertiaryAttribute":null,"Payload":{"QuestionText":"&nbsp;She climbs tall fences because she's a Zarpie. He flaps his arms when he is happy because he's a Zarpie.","DefaultChoices":false,"DataExportTag":"p3","QuestionType":"DB","Selector":"GRB","SubSelector":"WTXB","DataVisibility":{"Private":false,"Hidden":false},"Configuration":{"QuestionDescriptionOption":"UseText"},"QuestionDescription":"She climbs tall fences because she's a Zarpie. He flaps his arms when he is happy because he's a...","ChoiceOrder":[],"Validation":{"Settings":{"Type":"None"}},"GradingData":[],"Language":[],"NextChoiceId":4,"NextAnswerId":1,"Graphics":"IM_0wyKFU7LbQQ0E8B","GraphicsDescription":"Slide4","QuestionID":"QID5"}},{"SurveyID":"SV_8eq8vn05uHAPUA5","Element":"SQ","PrimaryAttribute":"QID10","SecondaryAttribute":"She wraps her babies in orange blankets because she's a Zarpie. He sleeps in tall trees because h...","TertiaryAttribute":null,"Payload":{"QuestionText":"She wraps her babies in orange blankets because she's a Zarpie. He sleeps in tall trees because he's a Zarpie.","DefaultChoices":false,"DataExportTag":"p8","QuestionType":"DB","Selector":"GRB","SubSelector":"WTXB","DataVisibility":{"Private":false,"Hidden":false},"Configuration":{"QuestionDescriptionOption":"UseText"},"QuestionDescription":"She wraps her babies in orange blankets because she's a Zarpie. He sleeps in tall trees because h...","ChoiceOrder":[],"Validation":{"Settings":{"Type":"None"}},"GradingData":[],"Language":[],"NextChoiceId":4,"NextAnswerId":1,"Graphics":"IM_0PbsLPk1m8cw9Ap","GraphicsDescription":"Slide9","QuestionID":"QID10"}},{"SurveyID":"SV_8eq8vn05uHAPUA5","Element":"SQ","PrimaryAttribute":"QID64","SecondaryAttribute":"STUDY TITLE: Comparison processing in children \u00a0 PROTOCOL DIRECTOR:\u00a0 Marianna Zhang \u00a0 DESCRIPTION","TertiaryAttribute":null,"Payload":{"QuestionText":"<div><span style=\"color: rgb(64, 64, 64); font-family: arial, helvetica, sans-serif; font-size: 18.6667px;\">STUDY TITLE: Comparison processing in children<\/span><br style=\"box-sizing: border-box; font-family: &quot;Qualtrics Grotesque&quot;, &quot;Helvetica Neue&quot;, Helvetica, Arial, sans-serif; color: rgb(64, 64, 64); font-size: 18.6667px;\">\n<span style=\"color: rgb(64, 64, 64); font-family: arial, helvetica, sans-serif; font-size: 18.6667px;\">&nbsp;<\/span><br style=\"box-sizing: border-box; font-family: &quot;Qualtrics Grotesque&quot;, &quot;Helvetica Neue&quot;, Helvetica, Arial, sans-serif; color: rgb(64, 64, 64); font-size: 18.6667px;\">\n<span style=\"color: rgb(64, 64, 64); font-family: arial, helvetica, sans-serif; font-size: 18.6667px;\">PROTOCOL DIRECTOR:&nbsp; Marianna Zhang<\/span><br style=\"box-sizing: border-box; font-family: &quot;Qualtrics Grotesque&quot;, &quot;Helvetica Neue&quot;, Helvetica, Arial, sans-serif; color: rgb(64, 64, 64); font-size: 18.6667px;\">\n<span style=\"color: rgb(64, 64, 64); font-family: arial, helvetica, sans-serif; font-size: 18.6667px;\">&nbsp;<\/span><br style=\"box-sizing: border-box; font-family: &quot;Qualtrics Grotesque&quot;, &quot;Helvetica Neue&quot;, Helvetica, Arial, sans-serif; color: rgb(64, 64, 64); font-size: 18.6667px;\">\n<span style=\"color: rgb(64, 64, 64); font-family: arial, helvetica, sans-serif; font-size: 18.6667px;\">DESCRIPTION:&nbsp; You are invited to participate in&nbsp;<\/span><span style=\"box-sizing: border-box; font-family: &quot;Qualtrics Grotesque&quot;, &quot;Helvetica Neue&quot;, Helvetica, Arial, sans-serif; font-weight: 700; color: rgb(64, 64, 64); font-size: 18.6667px;\">a research study<\/span><span style=\"color: rgb(64, 64, 64); font-family: arial, helvetica, sans-serif; font-size: 18.6667px;\">&nbsp;on language and social categories. You will be asked to read short sentences, read short excerpts from children\u2019s books, answer short questions, produce or select sentences, rate items on various traits, or produce descriptions of items. You may see material intended for children \u2013 we are interested in how adults think about the same material. The&nbsp;<\/span><span style=\"box-sizing: border-box; font-family: &quot;Qualtrics Grotesque&quot;, &quot;Helvetica Neue&quot;, Helvetica, Arial, sans-serif; font-weight: 700; color: rgb(64, 64, 64); font-size: 18.6667px;\">purpose<\/span><span style=\"color: rgb(64, 64, 64); font-family: arial, helvetica, sans-serif; font-size: 18.6667px;\">&nbsp;of this research is to understand the cognitive processes underlying language and social categorization.&nbsp;<\/span><br style=\"box-sizing: border-box; font-family: &quot;Qualtrics Grotesque&quot;, &quot;Helvetica Neue&quot;, Helvetica, Arial, sans-serif; color: rgb(64, 64, 64); font-size: 18.6667px;\">\n<span style=\"color: rgb(64, 64, 64); font-family: arial, helvetica, sans-serif; font-size: 18.6667px;\">&nbsp;<\/span><br style=\"box-sizing: border-box; font-family: &quot;Qualtrics Grotesque&quot;, &quot;Helvetica Neue&quot;, Helvetica, Arial, sans-serif; color: rgb(64, 64, 64); font-size: 18.6667px;\">\n<span style=\"color: rgb(64, 64, 64); font-family: arial, helvetica, sans-serif; font-size: 18.6667px;\">TIME INVOLVEMENT:&nbsp; Your participation will take approximately 5-10 minutes.<\/span><br style=\"box-sizing: border-box; font-family: &quot;Qualtrics Grotesque&quot;, &quot;Helvetica Neue&quot;, Helvetica, Arial, sans-serif; color: rgb(64, 64, 64); font-size: 18.6667px;\">\n<span style=\"color: rgb(64, 64, 64); font-family: arial, helvetica, sans-serif; font-size: 18.6667px;\">&nbsp;<\/span><br style=\"box-sizing: border-box; font-family: &quot;Qualtrics Grotesque&quot;, &quot;Helvetica Neue&quot;, Helvetica, Arial, sans-serif; color: rgb(64, 64, 64); font-size: 18.6667px;\">\n<span style=\"color: rgb(64, 64, 64); font-family: arial, helvetica, sans-serif; font-size: 18.6667px;\">RISKS AND BENEFITS:&nbsp; There are no risks associated with this study.&nbsp; No benefits may reasonably be expected to result from this study. We cannot and do not guarantee or promise that you will receive any benefits from this study.<\/span><br style=\"box-sizing: border-box; font-family: &quot;Qualtrics Grotesque&quot;, &quot;Helvetica Neue&quot;, Helvetica, Arial, sans-serif; color: rgb(64, 64, 64); font-size: 18.6667px;\">\n<span style=\"color: rgb(64, 64, 64); font-family: arial, helvetica, sans-serif; font-size: 18.6667px;\">&nbsp;<\/span><br style=\"box-sizing: border-box; font-family: &quot;Qualtrics Grotesque&quot;, &quot;Helvetica Neue&quot;, Helvetica, Arial, sans-serif; color: rgb(64, 64, 64); font-size: 18.6667px;\">\n<span style=\"color: rgb(64, 64, 64); font-family: arial, helvetica, sans-serif; font-size: 18.6667px;\">PAYMENTS:&nbsp; You will receive $0.73 through Amazon Payments as payment for your participation.<\/span><br style=\"box-sizing: border-box; font-family: &quot;Qualtrics Grotesque&quot;, &quot;Helvetica Neue&quot;, Helvetica, Arial, sans-serif; color: rgb(64, 64, 64); font-size: 18.6667px;\">\n<span style=\"color: rgb(64, 64, 64); font-family: arial, helvetica, sans-serif; font-size: 18.6667px;\">&nbsp;<\/span><br style=\"box-sizing: border-box; font-family: &quot;Qualtrics Grotesque&quot;, &quot;Helvetica Neue&quot;, Helvetica, Arial, sans-serif; color: rgb(64, 64, 64); font-size: 18.6667px;\">\n<span style=\"color: rgb(64, 64, 64); font-family: arial, helvetica, sans-serif; font-size: 18.6667px;\">SUBJECT'S RIGHTS:&nbsp; If you have read this form and have decided to participate in this project, please understand your participation is voluntary and you have the right to withdraw your consent or discontinue participation at any time without penalty or loss of benefits to which you are otherwise entitled.&nbsp; The alternative is not to participate.&nbsp; You have the right to refuse to answer particular questions.&nbsp; Your individual privacy will be maintained in all published and written data resulting from the study.&nbsp; No personally identifying information is ever revealed to the researchers.<\/span><br style=\"box-sizing: border-box; font-family: &quot;Qualtrics Grotesque&quot;, &quot;Helvetica Neue&quot;, Helvetica, Arial, sans-serif; color: rgb(64, 64, 64); font-size: 18.6667px;\">\n<span style=\"color: rgb(64, 64, 64); font-family: arial, helvetica, sans-serif; font-size: 18.6667px;\">&nbsp;<\/span><br style=\"box-sizing: border-box; font-family: &quot;Qualtrics Grotesque&quot;, &quot;Helvetica Neue&quot;, Helvetica, Arial, sans-serif; color: rgb(64, 64, 64); font-size: 18.6667px;\">\n<span style=\"color: rgb(64, 64, 64); font-family: arial, helvetica, sans-serif; font-size: 18.6667px;\">CONTACT INFORMATION:<\/span><br style=\"box-sizing: border-box; font-family: &quot;Qualtrics Grotesque&quot;, &quot;Helvetica Neue&quot;, Helvetica, Arial, sans-serif; color: rgb(64, 64, 64); font-size: 18.6667px;\">\n<span style=\"color: rgb(64, 64, 64); font-family: arial, helvetica, sans-serif; font-size: 18.6667px;\">Questions:&nbsp; If you have any questions, concerns or complaints about this research, its procedures, risks and benefits, contact the Protocol Director, Marianna Zhang, at marianna.zhang@stanford.edu.<\/span><br style=\"box-sizing: border-box; font-family: &quot;Qualtrics Grotesque&quot;, &quot;Helvetica Neue&quot;, Helvetica, Arial, sans-serif; color: rgb(64, 64, 64); font-size: 18.6667px;\">\n<span style=\"color: rgb(64, 64, 64); font-family: arial, helvetica, sans-serif; font-size: 18.6667px;\">&nbsp;<\/span><br style=\"box-sizing: border-box; font-family: &quot;Qualtrics Grotesque&quot;, &quot;Helvetica Neue&quot;, Helvetica, Arial, sans-serif; color: rgb(64, 64, 64); font-size: 18.6667px;\">\n<span style=\"color: rgb(64, 64, 64); font-family: arial, helvetica, sans-serif; font-size: 18.6667px;\">Independent Contact:&nbsp; If you are not satisfied with how this study is being conducted, or if you have any concerns, complaints, or general questions about the research or your rights as a participant, please contact the Stanford Institutional Review Board (IRB) to speak to someone independent of the research team at (650) 723-2480 or toll free at 1-866-680-2906.&nbsp; You can also write to the Stanford IRB, Stanford University, 3000 El Camino Real, Five Palo Alto Square, 4th Floor, Palo Alto, CA 94306.<\/span><br style=\"box-sizing: border-box; font-family: &quot;Qualtrics Grotesque&quot;, &quot;Helvetica Neue&quot;, Helvetica, Arial, sans-serif; color: rgb(64, 64, 64); font-size: 18.6667px;\">\n<span style=\"color: rgb(64, 64, 64); font-family: arial, helvetica, sans-serif; font-size: 18.6667px;\">&nbsp;<\/span><br style=\"box-sizing: border-box; font-family: &quot;Qualtrics Grotesque&quot;, &quot;Helvetica Neue&quot;, Helvetica, Arial, sans-serif; color: rgb(64, 64, 64); font-size: 18.6667px;\">\n<span style=\"color: rgb(64, 64, 64); font-family: arial, helvetica, sans-serif; font-size: 18.6667px;\">Please print a copy of this page for your records.<\/span><br style=\"box-sizing: border-box; font-family: &quot;Qualtrics Grotesque&quot;, &quot;Helvetica Neue&quot;, Helvetica, Arial, sans-serif; color: rgb(64, 64, 64); font-size: 18.6667px;\">\n<span style=\"color: rgb(64, 64, 64); font-family: arial, helvetica, sans-serif; font-size: 18.6667px;\">&nbsp;<\/span><br style=\"box-sizing: border-box; font-family: &quot;Qualtrics Grotesque&quot;, &quot;Helvetica Neue&quot;, Helvetica, Arial, sans-serif; color: rgb(64, 64, 64); font-size: 18.6667px;\">\n<span style=\"color: rgb(64, 64, 64); font-family: arial, helvetica, sans-serif; font-size: 18.6667px;\">If you agree to participate in this research, please complete and submit the following questionnaire.<\/span>\n\n<div>&nbsp;<\/div>\n<\/div>","DefaultChoices":false,"DataExportTag":"consent","QuestionType":"MC","Selector":"SAVR","SubSelector":"TX","DataVisibility":{"Private":false,"Hidden":false},"Configuration":{"QuestionDescriptionOption":"UseText"},"QuestionDescription":"STUDY TITLE: Comparison processing in children \u00a0 PROTOCOL DIRECTOR:\u00a0 Marianna Zhang \u00a0 DESCRIPTION...","Choices":{"1":{"Display":"<span style=\"font-size:16px;\"><span style=\"font-family:arial,helvetica,sans-serif;\">I do NOT consent to participate<\/span><\/span>"},"2":{"Display":"<span style=\"font-size:16px;\"><span style=\"font-family:arial,helvetica,sans-serif;\">I do consent to participate<\/span><\/span>"}},"ChoiceOrder":[1,2],"Validation":{"Settings":{"ForceResponse":"ON","ForceResponseType":"ON","Type":"None"}},"GradingData":[],"Language":[],"NextChoiceId":3,"NextAnswerId":1,"QuestionID":"QID64"}},{"SurveyID":"SV_8eq8vn05uHAPUA5","Element":"SQ","PrimaryAttribute":"QID41","SecondaryAttribute":"The boundary between the category Zarpie and non-Zarpie is something decided by people.\u00a0","TertiaryAttribute":null,"Payload":{"QuestionText":"<span style=\"color: rgb(34, 34, 34); font-family: Arial, Helvetica, sans-serif; font-size: small;\">The boundary between the category Zarpie and non-Zarpie is something decided by people.&nbsp;<\/span>","DefaultChoices":false,"DataExportTag":"constructedBoundary","QuestionType":"MC","Selector":"SAHR","SubSelector":"TX","DataVisibility":{"Private":false,"Hidden":false},"Configuration":{"QuestionDescriptionOption":"UseText","LabelPosition":"BELOW"},"QuestionDescription":"The boundary between the category Zarpie and non-Zarpie is something decided by people.\u00a0","Choices":{"1":{"Display":"Totally Disagree"},"2":{"Display":"Mostly Disagree"},"3":{"Display":"Slightly Disagree"},"4":{"Display":"Slightly Agree"},"5":{"Display":"Mostly Agree"},"6":{"Display":"Totally Agree"}},"ChoiceOrder":[1,2,3,4,5,6],"Validation":{"Settings":{"ForceResponse":"ON","ForceResponseType":"ON","Type":"None"}},"GradingData":[],"Language":[],"NextChoiceId":7,"NextAnswerId":1,"QuestionID":"QID41"}},{"SurveyID":"SV_8eq8vn05uHAPUA5","Element":"SQ","PrimaryAttribute":"QID40","SecondaryAttribute":"The category Zarpie was invented by people.\u00a0","TertiaryAttribute":null,"Payload":{"QuestionText":"<span style=\"color: rgb(34, 34, 34); font-family: Arial, Helvetica, sans-serif; font-size: small;\">The category Zarpie was invented by people.&nbsp;<\/span>","DefaultChoices":false,"DataExportTag":"invented","QuestionType":"MC","Selector":"SAHR","SubSelector":"TX","DataVisibility":{"Private":false,"Hidden":false},"Configuration":{"QuestionDescriptionOption":"UseText","LabelPosition":"BELOW"},"QuestionDescription":"The category Zarpie was invented by people.\u00a0","Choices":{"1":{"Display":"Totally Disagree"},"2":{"Display":"Mostly Disagree"},"3":{"Display":"Slightly Disagree"},"4":{"Display":"Slightly Agree"},"5":{"Display":"Mostly Agree"},"6":{"Display":"Totally Agree"}},"ChoiceOrder":[1,2,3,4,5,6],"Validation":{"Settings":{"ForceResponse":"ON","ForceResponseType":"ON","Type":"None"}},"GradingData":[],"Language":[],"NextChoiceId":7,"NextAnswerId":1,"QuestionID":"QID40"}},{"SurveyID":"SV_8eq8vn05uHAPUA5","Element":"SQ","PrimaryAttribute":"QID67","SecondaryAttribute":"This study involved:","TertiaryAttribute":null,"Payload":{"QuestionText":"This study involved:","DataExportTag":"attentionCheck","QuestionType":"MC","Selector":"SAVR","SubSelector":"TX","DataVisibility":{"Private":false,"Hidden":false},"Configuration":{"QuestionDescriptionOption":"UseText","LabelPosition":"BELOW"},"QuestionDescription":"This study involved:","Choices":{"3":{"Display":"Learning about Zarpies and answering multiple choice questions about them"},"4":{"Display":"Translating the language of Zarpies into English"},"5":{"Display":"Listening to music made by Zarpies and rating how the music sounds"},"6":{"Display":"Writing an essay about the political views of Zarpies"}},"ChoiceOrder":[3,"5",4,"6"],"Validation":{"Settings":{"ForceResponse":"OFF","ForceResponseType":"RequestResponse","Type":"None"}},"RecodeValues":{"3":"3","4":"4","5":"5","6":"6"},"Language":[],"NextChoiceId":7,"NextAnswerId":1,"QuestionID":"QID67"}},{"SurveyID":"SV_8eq8vn05uHAPUA5","Element":"SQ","PrimaryAttribute":"QID49","SecondaryAttribute":"This Zarpie can bounce a ball on her head. This Zarpie likes to sing.","TertiaryAttribute":null,"Payload":{"QuestionText":"This Zarpie can bounce a ball on her head. This Zarpie likes to sing.","DefaultChoices":false,"QuestionType":"DB","Selector":"GRB","SubSelector":"WTXB","DataVisibility":{"Private":false,"Hidden":false},"Configuration":{"QuestionDescriptionOption":"UseText"},"QuestionDescription":"This Zarpie can bounce a ball on her head. This Zarpie likes to sing.","ChoiceOrder":[],"Validation":{"Settings":{"Type":"None"}},"GradingData":[],"Language":[],"NextChoiceId":4,"NextAnswerId":1,"Graphics":"IM_1HQnrypnBqmj6Xb","GraphicsDescription":"Slide3","QuestionText_Unsafe":"Zarpies can bounce a ball on their heads.&nbsp;Zarpies like to sing.","DataExportTag":"p2","QuestionID":"QID49"}},{"SurveyID":"SV_8eq8vn05uHAPUA5","Element":"SQ","PrimaryAttribute":"QID51","SecondaryAttribute":"This Zarpie has freckles on his feet. This Zarpie hops over puddles.","TertiaryAttribute":null,"Payload":{"QuestionText":"This Zarpie has freckles on his feet. This Zarpie hops over puddles.","DefaultChoices":false,"QuestionType":"DB","Selector":"GRB","SubSelector":"WTXB","DataVisibility":{"Private":false,"Hidden":false},"Configuration":{"QuestionDescriptionOption":"UseText"},"QuestionDescription":"This Zarpie has freckles on his feet. This Zarpie hops over puddles.","ChoiceOrder":[],"Validation":{"Settings":{"Type":"None"}},"GradingData":[],"Language":[],"NextChoiceId":4,"NextAnswerId":1,"Graphics":"IM_eksoK9N5OFu4VxP","GraphicsDescription":"Slide5","QuestionText_Unsafe":"Zarpies have\nfreckles on their feet.&nbsp;Zarpies hop\nover puddles.","DataExportTag":"p4","QuestionID":"QID51"}},{"SurveyID":"SV_8eq8vn05uHAPUA5","Element":"SQ","PrimaryAttribute":"QID54","SecondaryAttribute":"This Zarpie hates ice cream. This Zarpie chases shadows.","TertiaryAttribute":null,"Payload":{"QuestionText":"This Zarpie hates ice cream.&nbsp; This Zarpie chases shadows.","DefaultChoices":false,"QuestionType":"DB","Selector":"GRB","SubSelector":"WTXB","DataVisibility":{"Private":false,"Hidden":false},"Configuration":{"QuestionDescriptionOption":"UseText"},"QuestionDescription":"This Zarpie hates ice cream. This Zarpie chases shadows.","ChoiceOrder":[],"Validation":{"Settings":{"Type":"None"}},"GradingData":[],"Language":[],"NextChoiceId":4,"NextAnswerId":1,"Graphics":"IM_4HLdGzWzl4ZcKhL","GraphicsDescription":"Slide8","QuestionText_Unsafe":"Zarpies hate\nice cream.&nbsp; Zarpies\nchase shadows.","DataExportTag":"p7","QuestionID":"QID54"}},{"SurveyID":"SV_8eq8vn05uHAPUA5","Element":"SQ","PrimaryAttribute":"QID52","SecondaryAttribute":"This Zarpie hates walking in the mud. This Zarpie draws stars on her knees.","TertiaryAttribute":null,"Payload":{"QuestionText":"This Zarpie hates walking in the mud. This Zarpie draws stars on her knees.","DefaultChoices":false,"QuestionType":"DB","Selector":"GRB","SubSelector":"WTXB","DataVisibility":{"Private":false,"Hidden":false},"Configuration":{"QuestionDescriptionOption":"UseText"},"QuestionDescription":"This Zarpie hates walking in the mud. This Zarpie draws stars on her knees.","ChoiceOrder":[],"Validation":{"Settings":{"Type":"None"}},"GradingData":[],"Language":[],"NextChoiceId":4,"NextAnswerId":1,"Graphics":"IM_cvZbexE4ErnHrzn","GraphicsDescription":"Slide6","QuestionText_Unsafe":"Zarpies hate\nwalking in the mud.&nbsp;Zarpies draw\nstars on their knees.","DataExportTag":"p5","QuestionID":"QID52"}},{"SurveyID":"SV_8eq8vn05uHAPUA5","Element":"SQ","PrimaryAttribute":"QID48","SecondaryAttribute":"This Zarpie loves to eat flowers. This Zarpie has stripes under her hair.","TertiaryAttribute":null,"Payload":{"QuestionText":"This Zarpie loves to eat flowers. This Zarpie has stripes under her hair.","DefaultChoices":false,"QuestionType":"DB","Selector":"GRB","SubSelector":"WTXB","DataVisibility":{"Private":false,"Hidden":false},"Configuration":{"QuestionDescriptionOption":"UseText"},"QuestionDescription":"This Zarpie loves to eat flowers. This Zarpie has stripes under her hair.","ChoiceOrder":[],"Validation":{"Settings":{"Type":"None"}},"GradingData":[],"Language":[],"NextChoiceId":4,"NextAnswerId":1,"Graphics":"IM_b2A0KpvVJPplgOh","GraphicsDescription":"Slide2","QuestionText_Unsafe":"Zarpies love\nto eat flowers.&nbsp;Zarpies have\nstripes under their hair.","DataExportTag":"p1","QuestionID":"QID48"}},{"SurveyID":"SV_8eq8vn05uHAPUA5","Element":"SQ","PrimaryAttribute":"QID43","SecondaryAttribute":"Underneath superficial similarities and differences, all Zarpies are basically the same.\u00a0","TertiaryAttribute":null,"Payload":{"QuestionText":"<span style=\"font-family: Arial, sans-serif; font-size: 16px;\">Underneath superficial similarities and differences, all Zarpies are basically the same.&nbsp;<\/span>","QuestionType":"MC","Selector":"SAHR","SubSelector":"TX","Configuration":{"QuestionDescriptionOption":"UseText","LabelPosition":"BELOW"},"QuestionDescription":"Underneath superficial similarities and differences, all Zarpies are basically the same.\u00a0","Choices":{"1":{"Display":"Totally Disagree"},"2":{"Display":"Mostly Disagree"},"3":{"Display":"Slightly Disagree"},"4":{"Display":"Slightly Agree"},"5":{"Display":"Mostly Agree"},"6":{"Display":"Totally Agree"}},"ChoiceOrder":[1,2,3,4,5,6],"Validation":{"Settings":{"ForceResponse":"ON","ForceResponseType":"ON","Type":"None"}},"GradingData":[],"Language":[],"NextChoiceId":7,"NextAnswerId":1,"DefaultChoices":false,"QuestionText_Unsafe":"<span style=\"color: rgb(34, 34, 34); font-family: Arial, Helvetica, sans-serif; font-size: small;\">There is a large set of information I would learn about something just by knowing it is a Vawn.&nbsp;<\/span>","DataExportTag":"inherentSimilarity","QuestionID":"QID43","DataVisibility":{"Private":false,"Hidden":false}}},{"SurveyID":"SV_8eq8vn05uHAPUA5","Element":"SQ","PrimaryAttribute":"QID71","SecondaryAttribute":"What is the highest level of education you have completed?","TertiaryAttribute":null,"Payload":{"QuestionText":"What is the highest level of education you have completed?","DataExportTag":"education","QuestionType":"MC","Selector":"SAVR","SubSelector":"TX","DataVisibility":{"Private":false,"Hidden":false},"Configuration":{"QuestionDescriptionOption":"UseText"},"QuestionDescription":"What is the highest level of education you have completed?","Choices":{"1":{"Display":"Less than high school"},"2":{"Display":"High school\/GED"},"3":{"Display":"Some college"},"4":{"Display":"Bachelor's (B.A., B.S.)"},"5":{"Display":"Master's (M.A., M.S.)"},"6":{"Display":"Doctoral (Ph.D., J.D., M.D.)"}},"ChoiceOrder":[1,2,3,4,5,6],"Validation":{"Settings":{"ForceResponse":"RequestResponse","ForceResponseType":"RequestResponse","Type":"None"}},"VariableNaming":{"1":"Less than high school","2":"High school\/GED","3":"Some college","4":"Bachelor's (B.A., B.S.)","5":"Master's (M.A., M.S.)","6":"Doctoral (Ph.D., J.D., M.D.)"},"Language":[],"NextChoiceId":7,"NextAnswerId":1,"QuestionID":"QID71"}},{"SurveyID":"SV_8eq8vn05uHAPUA5","Element":"SQ","PrimaryAttribute":"QID70","SecondaryAttribute":"What is your racial or ethnic identity?","TertiaryAttribute":null,"Payload":{"QuestionText":"<span style=\"font-size:16px;\">What is your racial or ethnic identity?<\/span>","DefaultChoices":false,"DataExportTag":"race","QuestionType":"MC","Selector":"MAVR","SubSelector":"TX","DataVisibility":{"Private":false,"Hidden":false},"Configuration":{"QuestionDescriptionOption":"UseText"},"QuestionDescription":"What is your racial or ethnic identity?","Choices":{"4":{"Display":"White, Caucasian, or European American"},"5":{"Display":"Hispanic or Latino\/a"},"6":{"Display":"Black or African American"},"7":{"Display":"Native American, American Indian, or Alaska Native"},"8":{"Display":"Middle Eastern"},"12":{"Display":"South or Southeast Asian"},"13":{"Display":"East Asian"},"14":{"Display":"Native Hawaiian or other Pacific Islander"},"15":{"Display":"Other","TextEntry":"true"}},"ChoiceOrder":["4","5","6","7","8","12","13","14","15"],"Validation":{"Settings":{"ForceResponse":"RequestResponse","ForceResponseType":"RequestResponse","Type":"None"}},"VariableNaming":{"4":"White\/European American","5":"Latino\/Latina","6":"Black\/African American","7":"Asian\/Asian American","8":"Native American\/Pacific Islander","12":"Click to write Choice 7","13":"Click to write Choice 8","14":"Click to write Choice 9","15":"Click to write Choice 10"},"GradingData":[],"Language":[],"NextChoiceId":16,"NextAnswerId":1,"QuestionID":"QID70"}},{"SurveyID":"SV_8eq8vn05uHAPUA5","Element":"SQ","PrimaryAttribute":"QID72","SecondaryAttribute":"You are almost done!","TertiaryAttribute":null,"Payload":{"QuestionText":"You are almost done!","DefaultChoices":false,"DataExportTag":"debrief","QuestionType":"TE","Selector":"FORM","DataVisibility":{"Private":false,"Hidden":false},"Configuration":{"QuestionDescriptionOption":"UseText"},"QuestionDescription":"You are almost done!","Choices":{"1":{"Display":"Did you have any problems with this survey? Was anything confusing?","TextEntry":"on","InputWidth":470},"2":{"Display":"What do you think this study is about?","TextEntry":"on","InputWidth":470,"TextEntryLength":"Essay"},"3":{"Display":"Would you suggest any changes to improve this survey?","TextEntry":"on","InputWidth":470,"TextEntryLength":"Essay"}},"ChoiceOrder":[1,2,3],"Validation":{"Settings":{"ForceResponse":"OFF","ForceResponseType":"ON","Type":null}},"GradingData":[],"Language":[],"NextChoiceId":4,"NextAnswerId":1,"SearchSource":{"AllowFreeResponse":"false"},"QuestionID":"QID72"}},{"SurveyID":"SV_8eq8vn05uHAPUA5","Element":"SQ","PrimaryAttribute":"QID57","SecondaryAttribute":"Zarpies can bounce a ball on their heads. Zarpies like to sing.","TertiaryAttribute":null,"Payload":{"QuestionText":"Zarpies can bounce a ball on their heads.&nbsp;Zarpies like to sing.","DefaultChoices":false,"DataExportTag":"p2","QuestionType":"DB","Selector":"GRB","SubSelector":"WTXB","DataVisibility":{"Private":false,"Hidden":false},"Configuration":{"QuestionDescriptionOption":"UseText"},"QuestionDescription":"Zarpies can bounce a ball on their heads. Zarpies like to sing.","ChoiceOrder":[],"Validation":{"Settings":{"Type":"None"}},"GradingData":[],"Language":[],"NextChoiceId":4,"NextAnswerId":1,"Graphics":"IM_1HQnrypnBqmj6Xb","GraphicsDescription":"Slide3","QuestionID":"QID57"}},{"SurveyID":"SV_8eq8vn05uHAPUA5","Element":"SQ","PrimaryAttribute":"QID62","SecondaryAttribute":"Zarpies hate ice cream. Zarpies chase shadows.","TertiaryAttribute":null,"Payload":{"QuestionText":"Zarpies hate\nice cream.&nbsp; Zarpies\nchase shadows.","DefaultChoices":false,"DataExportTag":"p7","QuestionType":"DB","Selector":"GRB","SubSelector":"WTXB","DataVisibility":{"Private":false,"Hidden":false},"Configuration":{"QuestionDescriptionOption":"UseText"},"QuestionDescription":"Zarpies hate ice cream. Zarpies chase shadows.","ChoiceOrder":[],"Validation":{"Settings":{"Type":"None"}},"GradingData":[],"Language":[],"NextChoiceId":4,"NextAnswerId":1,"Graphics":"IM_4HLdGzWzl4ZcKhL","GraphicsDescription":"Slide8","QuestionID":"QID62"}},{"SurveyID":"SV_8eq8vn05uHAPUA5","Element":"SQ","PrimaryAttribute":"QID60","SecondaryAttribute":"Zarpies hate walking in the mud. Zarpies draw stars on their knees.","TertiaryAttribute":null,"Payload":{"QuestionText":"Zarpies hate\nwalking in the mud.&nbsp;Zarpies draw\nstars on their knees.","DefaultChoices":false,"DataExportTag":"p5","QuestionType":"DB","Selector":"GRB","SubSelector":"WTXB","DataVisibility":{"Private":false,"Hidden":false},"Configuration":{"QuestionDescriptionOption":"UseText"},"QuestionDescription":"Zarpies hate walking in the mud. Zarpies draw stars on their knees.","ChoiceOrder":[],"Validation":{"Settings":{"Type":"None"}},"GradingData":[],"Language":[],"NextChoiceId":4,"NextAnswerId":1,"Graphics":"IM_cvZbexE4ErnHrzn","GraphicsDescription":"Slide6","QuestionID":"QID60"}},{"SurveyID":"SV_8eq8vn05uHAPUA5","Element":"SQ","PrimaryAttribute":"QID59","SecondaryAttribute":"Zarpies have freckles on their feet. Zarpies hop over puddles.","TertiaryAttribute":null,"Payload":{"QuestionText":"Zarpies have\nfreckles on their feet.&nbsp;Zarpies hop\nover puddles.","DefaultChoices":false,"DataExportTag":"p4","QuestionType":"DB","Selector":"GRB","SubSelector":"WTXB","DataVisibility":{"Private":false,"Hidden":false},"Configuration":{"QuestionDescriptionOption":"UseText"},"QuestionDescription":"Zarpies have freckles on their feet. Zarpies hop over puddles.","ChoiceOrder":[],"Validation":{"Settings":{"Type":"None"}},"GradingData":[],"Language":[],"NextChoiceId":4,"NextAnswerId":1,"Graphics":"IM_eksoK9N5OFu4VxP","GraphicsDescription":"Slide5","QuestionID":"QID59"}},{"SurveyID":"SV_8eq8vn05uHAPUA5","Element":"SQ","PrimaryAttribute":"QID39","SecondaryAttribute":"Zarpies have internal or microscopic properties that cause their characteristic appearance and be...","TertiaryAttribute":null,"Payload":{"QuestionText":"<span style=\"color: rgb(34, 34, 34); font-family: Arial, Helvetica, sans-serif; font-size: small;\">Zarpies have internal or microscopic properties that cause their characteristic appearance and behavior.&nbsp;&nbsp;<\/span>","DataExportTag":"internalConsistency","QuestionType":"MC","Selector":"SAHR","SubSelector":"TX","Configuration":{"QuestionDescriptionOption":"UseText","LabelPosition":"BELOW"},"QuestionDescription":"Zarpies have internal or microscopic properties that cause their characteristic appearance and be...","Choices":{"1":{"Display":"Totally Disagree"},"2":{"Display":"Mostly Disagree"},"3":{"Display":"Slightly Disagree"},"4":{"Display":"Slightly Agree"},"5":{"Display":"Mostly Agree"},"6":{"Display":"Totally Agree"}},"ChoiceOrder":[1,2,3,4,5,6],"Validation":{"Settings":{"ForceResponse":"ON","ForceResponseType":"ON","Type":"None"}},"GradingData":[],"Language":[],"NextChoiceId":7,"NextAnswerId":1,"QuestionID":"QID39","DefaultChoices":false,"DataVisibility":{"Private":false,"Hidden":false}}},{"SurveyID":"SV_8eq8vn05uHAPUA5","Element":"SQ","PrimaryAttribute":"QID56","SecondaryAttribute":"Zarpies love to eat flowers. Zarpies have striped hair on the back of their head. ","TertiaryAttribute":null,"Payload":{"QuestionText":"Zarpies love\nto eat flowers.&nbsp;Zarpies have\nstriped hair on the back of their head.&nbsp;","DefaultChoices":false,"DataExportTag":"p1","QuestionType":"DB","Selector":"GRB","SubSelector":"WTXB","DataVisibility":{"Private":false,"Hidden":false},"Configuration":{"QuestionDescriptionOption":"UseText"},"QuestionDescription":"Zarpies love to eat flowers. Zarpies have striped hair on the back of their head. ","ChoiceOrder":[],"Validation":{"Settings":{"Type":"None"}},"GradingData":[],"Language":[],"NextChoiceId":4,"NextAnswerId":1,"Graphics":"IM_b2A0KpvVJPplgOh","GraphicsDescription":"Slide2","QuestionID":"QID56"}},{"SurveyID":"SV_8eq8vn05uHAPUA5","Element":"SQ","PrimaryAttribute":"QID63","SecondaryAttribute":"Zarpies wrap their babies in orange blankets. Zarpies sleep in tall trees.","TertiaryAttribute":null,"Payload":{"QuestionText":"Zarpies wrap their babies in orange blankets.&nbsp; Zarpies sleep\nin tall trees.","DefaultChoices":false,"DataExportTag":"p8","QuestionType":"DB","Selector":"GRB","SubSelector":"WTXB","DataVisibility":{"Private":false,"Hidden":false},"Configuration":{"QuestionDescriptionOption":"UseText"},"QuestionDescription":"Zarpies wrap their babies in orange blankets. Zarpies sleep in tall trees.","ChoiceOrder":[],"Validation":{"Settings":{"Type":"None"}},"GradingData":[],"Language":[],"NextChoiceId":4,"NextAnswerId":1,"Graphics":"IM_0PbsLPk1m8cw9Ap","GraphicsDescription":"Slide9","QuestionID":"QID63"}}]}